
Microsoft Visual Studio Solution File, Format Version 12.00
Project("{FAE04EC0-301F-11D3-BF4B-00C04F79EFBC}") = "ServiceStack", "..\..\..\..\ServiceStack\src\ServiceStack\ServiceStack.csproj", "{50EDD4BA-5D99-4616-8AE7-5812C694DAA7}"
EndProject
Project("{FAE04EC0-301F-11D3-BF4B-00C04F79EFBC}") = "ServiceStack.Interfaces", "..\..\..\..\ServiceStack\src\ServiceStack.Interfaces\ServiceStack.Interfaces.csproj", "{E3118FB9-C8B1-4316-A263-A9A70D3B2CDE}"
EndProject
Project("{FAE04EC0-301F-11D3-BF4B-00C04F79EFBC}") = "ServiceStack.Client", "..\..\..\..\ServiceStack\src\ServiceStack.Client\ServiceStack.Client.csproj", "{2FB00251-02EB-484F-A885-7A440F010803}"
EndProject
Project("{FAE04EC0-301F-11D3-BF4B-00C04F79EFBC}") = "ServiceStack.Common", "..\..\..\..\ServiceStack\src\ServiceStack.Common\ServiceStack.Common.csproj", "{94A7C4E0-CA6E-4256-B886-AF8FFCBDA959}"
EndProject
Project("{FAE04EC0-301F-11D3-BF4B-00C04F79EFBC}") = "ServiceStack.Kestrel", "..\..\..\..\ServiceStack\src\ServiceStack.Kestrel\ServiceStack.Kestrel.csproj", "{DACFD618-A2B2-43BE-B9B8-F2403780678F}"
EndProject
Project("{FAE04EC0-301F-11D3-BF4B-00C04F79EFBC}") = "ServiceStack.Logging.NLog", "..\..\..\..\ServiceStack\src\ServiceStack.Logging.NLog\ServiceStack.Logging.NLog.csproj", "{C5C01E21-6C92-428A-BEB3-49CD0F5C7061}"
EndProject
Project("{FAE04EC0-301F-11D3-BF4B-00C04F79EFBC}") = "ServiceStack.Server", "..\..\..\..\ServiceStack\src\ServiceStack.Server\ServiceStack.Server.csproj", "{5BFD8327-0E42-4268-9D89-4978DB1116A5}"
EndProject
Project("{FAE04EC0-301F-11D3-BF4B-00C04F79EFBC}") = "ServiceStack.Aws", "..\..\..\..\ServiceStack.Aws\src\ServiceStack.Aws\ServiceStack.Aws.csproj", "{62CBC045-2741-4471-B74C-A4DFA8F180AC}"
EndProject
Project("{FAE04EC0-301F-11D3-BF4B-00C04F79EFBC}") = "ServiceStack.OrmLite", "..\..\..\..\ServiceStack.OrmLite\src\ServiceStack.OrmLite\ServiceStack.OrmLite.csproj", "{295EF568-1D35-4396-AA05-14B1C7E3A6E1}"
EndProject
Project("{FAE04EC0-301F-11D3-BF4B-00C04F79EFBC}") = "ServiceStack.OrmLite.MySql", "..\..\..\..\ServiceStack.OrmLite\src\ServiceStack.OrmLite.MySql\ServiceStack.OrmLite.MySql.csproj", "{197A002D-7719-436E-B9B5-8BAE13AD62A4}"
EndProject
Project("{FAE04EC0-301F-11D3-BF4B-00C04F79EFBC}") = "ServiceStack.OrmLite.PostgreSQL", "..\..\..\..\ServiceStack.OrmLite\src\ServiceStack.OrmLite.PostgreSQL\ServiceStack.OrmLite.PostgreSQL.csproj", "{9F3B45D1-C7FE-419B-8116-3DB229EBEA2F}"
EndProject
Project("{FAE04EC0-301F-11D3-BF4B-00C04F79EFBC}") = "ServiceStack.OrmLite.Sqlite", "..\..\..\..\ServiceStack.OrmLite\src\ServiceStack.OrmLite.Sqlite\ServiceStack.OrmLite.Sqlite.csproj", "{7A9EDB3D-BF98-4EDB-942A-FEA2184D4703}"
EndProject
Project("{FAE04EC0-301F-11D3-BF4B-00C04F79EFBC}") = "ServiceStack.OrmLite.SqlServer", "..\..\..\..\ServiceStack.OrmLite\src\ServiceStack.OrmLite.SqlServer\ServiceStack.OrmLite.SqlServer.csproj", "{2188A014-D9D5-4604-AB3C-327C6E3E2916}"
EndProject
Project("{FAE04EC0-301F-11D3-BF4B-00C04F79EFBC}") = "ServiceStack.Redis", "..\..\..\..\ServiceStack.Redis\src\ServiceStack.Redis\ServiceStack.Redis.csproj", "{F6C86F02-17F1-4B66-AEE5-03D61B270292}"
EndProject
Project("{FAE04EC0-301F-11D3-BF4B-00C04F79EFBC}") = "ServiceStack.Text", "..\..\..\..\ServiceStack.Text\src\ServiceStack.Text\ServiceStack.Text.csproj", "{033962FF-5F64-47A2-AE09-BA05D761150D}"
EndProject
Global
	GlobalSection(SolutionConfigurationPlatforms) = preSolution
		Debug|Any CPU = Debug|Any CPU
		Release|Any CPU = Release|Any CPU
	EndGlobalSection
	GlobalSection(ProjectConfigurationPlatforms) = postSolution
		{50EDD4BA-5D99-4616-8AE7-5812C694DAA7}.Debug|Any CPU.ActiveCfg = Debug|Any CPU
		{50EDD4BA-5D99-4616-8AE7-5812C694DAA7}.Debug|Any CPU.Build.0 = Debug|Any CPU
		{50EDD4BA-5D99-4616-8AE7-5812C694DAA7}.Release|Any CPU.ActiveCfg = Release|Any CPU
		{50EDD4BA-5D99-4616-8AE7-5812C694DAA7}.Release|Any CPU.Build.0 = Release|Any CPU
		{E3118FB9-C8B1-4316-A263-A9A70D3B2CDE}.Debug|Any CPU.ActiveCfg = Debug|Any CPU
		{E3118FB9-C8B1-4316-A263-A9A70D3B2CDE}.Debug|Any CPU.Build.0 = Debug|Any CPU
		{E3118FB9-C8B1-4316-A263-A9A70D3B2CDE}.Release|Any CPU.ActiveCfg = Release|Any CPU
		{E3118FB9-C8B1-4316-A263-A9A70D3B2CDE}.Release|Any CPU.Build.0 = Release|Any CPU
		{2FB00251-02EB-484F-A885-7A440F010803}.Debug|Any CPU.ActiveCfg = Debug|Any CPU
		{2FB00251-02EB-484F-A885-7A440F010803}.Debug|Any CPU.Build.0 = Debug|Any CPU
		{2FB00251-02EB-484F-A885-7A440F010803}.Release|Any CPU.ActiveCfg = Release|Any CPU
		{2FB00251-02EB-484F-A885-7A440F010803}.Release|Any CPU.Build.0 = Release|Any CPU
		{94A7C4E0-CA6E-4256-B886-AF8FFCBDA959}.Debug|Any CPU.ActiveCfg = Debug|Any CPU
		{94A7C4E0-CA6E-4256-B886-AF8FFCBDA959}.Debug|Any CPU.Build.0 = Debug|Any CPU
		{94A7C4E0-CA6E-4256-B886-AF8FFCBDA959}.Release|Any CPU.ActiveCfg = Release|Any CPU
		{94A7C4E0-CA6E-4256-B886-AF8FFCBDA959}.Release|Any CPU.Build.0 = Release|Any CPU
		{DACFD618-A2B2-43BE-B9B8-F2403780678F}.Debug|Any CPU.ActiveCfg = Debug|Any CPU
		{DACFD618-A2B2-43BE-B9B8-F2403780678F}.Debug|Any CPU.Build.0 = Debug|Any CPU
		{DACFD618-A2B2-43BE-B9B8-F2403780678F}.Release|Any CPU.ActiveCfg = Release|Any CPU
		{DACFD618-A2B2-43BE-B9B8-F2403780678F}.Release|Any CPU.Build.0 = Release|Any CPU
		{C5C01E21-6C92-428A-BEB3-49CD0F5C7061}.Debug|Any CPU.ActiveCfg = Debug|Any CPU
		{C5C01E21-6C92-428A-BEB3-49CD0F5C7061}.Debug|Any CPU.Build.0 = Debug|Any CPU
		{C5C01E21-6C92-428A-BEB3-49CD0F5C7061}.Release|Any CPU.ActiveCfg = Release|Any CPU
		{C5C01E21-6C92-428A-BEB3-49CD0F5C7061}.Release|Any CPU.Build.0 = Release|Any CPU
		{5BFD8327-0E42-4268-9D89-4978DB1116A5}.Debug|Any CPU.ActiveCfg = Debug|Any CPU
		{5BFD8327-0E42-4268-9D89-4978DB1116A5}.Debug|Any CPU.Build.0 = Debug|Any CPU
		{5BFD8327-0E42-4268-9D89-4978DB1116A5}.Release|Any CPU.ActiveCfg = Release|Any CPU
		{5BFD8327-0E42-4268-9D89-4978DB1116A5}.Release|Any CPU.Build.0 = Release|Any CPU
		{62CBC045-2741-4471-B74C-A4DFA8F180AC}.Debug|Any CPU.ActiveCfg = Debug|Any CPU
		{62CBC045-2741-4471-B74C-A4DFA8F180AC}.Debug|Any CPU.Build.0 = Debug|Any CPU
		{62CBC045-2741-4471-B74C-A4DFA8F180AC}.Release|Any CPU.ActiveCfg = Release|Any CPU
		{62CBC045-2741-4471-B74C-A4DFA8F180AC}.Release|Any CPU.Build.0 = Release|Any CPU
		{295EF568-1D35-4396-AA05-14B1C7E3A6E1}.Debug|Any CPU.ActiveCfg = Debug|Any CPU
		{295EF568-1D35-4396-AA05-14B1C7E3A6E1}.Debug|Any CPU.Build.0 = Debug|Any CPU
		{295EF568-1D35-4396-AA05-14B1C7E3A6E1}.Release|Any CPU.ActiveCfg = Release|Any CPU
		{295EF568-1D35-4396-AA05-14B1C7E3A6E1}.Release|Any CPU.Build.0 = Release|Any CPU
		{197A002D-7719-436E-B9B5-8BAE13AD62A4}.Debug|Any CPU.ActiveCfg = Debug|Any CPU
		{197A002D-7719-436E-B9B5-8BAE13AD62A4}.Debug|Any CPU.Build.0 = Debug|Any CPU
		{197A002D-7719-436E-B9B5-8BAE13AD62A4}.Release|Any CPU.ActiveCfg = Release|Any CPU
		{197A002D-7719-436E-B9B5-8BAE13AD62A4}.Release|Any CPU.Build.0 = Release|Any CPU
		{9F3B45D1-C7FE-419B-8116-3DB229EBEA2F}.Debug|Any CPU.ActiveCfg = Debug|Any CPU
		{9F3B45D1-C7FE-419B-8116-3DB229EBEA2F}.Debug|Any CPU.Build.0 = Debug|Any CPU
		{9F3B45D1-C7FE-419B-8116-3DB229EBEA2F}.Release|Any CPU.ActiveCfg = Release|Any CPU
		{9F3B45D1-C7FE-419B-8116-3DB229EBEA2F}.Release|Any CPU.Build.0 = Release|Any CPU
		{7A9EDB3D-BF98-4EDB-942A-FEA2184D4703}.Debug|Any CPU.ActiveCfg = Debug|Any CPU
		{7A9EDB3D-BF98-4EDB-942A-FEA2184D4703}.Debug|Any CPU.Build.0 = Debug|Any CPU
		{7A9EDB3D-BF98-4EDB-942A-FEA2184D4703}.Release|Any CPU.ActiveCfg = Release|Any CPU
		{7A9EDB3D-BF98-4EDB-942A-FEA2184D4703}.Release|Any CPU.Build.0 = Release|Any CPU
		{2188A014-D9D5-4604-AB3C-327C6E3E2916}.Debug|Any CPU.ActiveCfg = Debug|Any CPU
		{2188A014-D9D5-4604-AB3C-327C6E3E2916}.Debug|Any CPU.Build.0 = Debug|Any CPU
		{2188A014-D9D5-4604-AB3C-327C6E3E2916}.Release|Any CPU.ActiveCfg = Release|Any CPU
		{2188A014-D9D5-4604-AB3C-327C6E3E2916}.Release|Any CPU.Build.0 = Release|Any CPU
		{F6C86F02-17F1-4B66-AEE5-03D61B270292}.Debug|Any CPU.ActiveCfg = Debug|Any CPU
		{F6C86F02-17F1-4B66-AEE5-03D61B270292}.Debug|Any CPU.Build.0 = Debug|Any CPU
		{F6C86F02-17F1-4B66-AEE5-03D61B270292}.Release|Any CPU.ActiveCfg = Release|Any CPU
		{F6C86F02-17F1-4B66-AEE5-03D61B270292}.Release|Any CPU.Build.0 = Release|Any CPU
		{033962FF-5F64-47A2-AE09-BA05D761150D}.Debug|Any CPU.ActiveCfg = Debug|Any CPU
		{033962FF-5F64-47A2-AE09-BA05D761150D}.Debug|Any CPU.Build.0 = Debug|Any CPU
		{033962FF-5F64-47A2-AE09-BA05D761150D}.Release|Any CPU.ActiveCfg = Release|Any CPU
		{033962FF-5F64-47A2-AE09-BA05D761150D}.Release|Any CPU.Build.0 = Release|Any CPU
	EndGlobalSection
EndGlobal
